
Microsoft Visual Studio Solution File, Format Version 12.00
# Visual Studio Version 17
VisualStudioVersion = 17.0.31903.59
MinimumVisualStudioVersion = 10.0.40219.1
Project("{FAE04EC0-301F-11D3-BF4B-00C04F79EFBC}") = "DesafioBackend.API", "DesafioBackend.API\DesafioBackend.API.csproj", "{9DB9973D-358A-45D5-8C09-0F68BEF8E5D1}"
EndProject
Project("{FAE04EC0-301F-11D3-BF4B-00C04F79EFBC}") = "DesafioBackend.Application", "DesafioBackend.Application\DesafioBackend.Application.csproj", "{A291190E-2FB5-440A-AE71-24125E7EB14F}"
EndProject
Project("{FAE04EC0-301F-11D3-BF4B-00C04F79EFBC}") = "DesafioBackend.Domain", "DesafioBackend.Domain\DesafioBackend.Domain.csproj", "{B3934D77-B03C-40F2-88B1-ADA75160075E}"
EndProject
Project("{FAE04EC0-301F-11D3-BF4B-00C04F79EFBC}") = "DesafioBackend.Infrastructure", "DesafioBackend.Infrastructure\DesafioBackend.Infrastructure.csproj", "{06C67583-C152-4674-910C-C634B6516C41}"
EndProject
Global
	GlobalSection(SolutionConfigurationPlatforms) = preSolution
		Debug|Any CPU = Debug|Any CPU
		Debug|x64 = Debug|x64
		Debug|x86 = Debug|x86
		Release|Any CPU = Release|Any CPU
		Release|x64 = Release|x64
		Release|x86 = Release|x86
	EndGlobalSection
	GlobalSection(ProjectConfigurationPlatforms) = postSolution
		{9DB9973D-358A-45D5-8C09-0F68BEF8E5D1}.Debug|Any CPU.ActiveCfg = Debug|Any CPU
		{9DB9973D-358A-45D5-8C09-0F68BEF8E5D1}.Debug|Any CPU.Build.0 = Debug|Any CPU
		{9DB9973D-358A-45D5-8C09-0F68BEF8E5D1}.Debug|x64.ActiveCfg = Debug|Any CPU
		{9DB9973D-358A-45D5-8C09-0F68BEF8E5D1}.Debug|x64.Build.0 = Debug|Any CPU
		{9DB9973D-358A-45D5-8C09-0F68BEF8E5D1}.Debug|x86.ActiveCfg = Debug|Any CPU
		{9DB9973D-358A-45D5-8C09-0F68BEF8E5D1}.Debug|x86.Build.0 = Debug|Any CPU
		{9DB9973D-358A-45D5-8C09-0F68BEF8E5D1}.Release|Any CPU.ActiveCfg = Release|Any CPU
		{9DB9973D-358A-45D5-8C09-0F68BEF8E5D1}.Release|Any CPU.Build.0 = Release|Any CPU
		{9DB9973D-358A-45D5-8C09-0F68BEF8E5D1}.Release|x64.ActiveCfg = Release|Any CPU
		{9DB9973D-358A-45D5-8C09-0F68BEF8E5D1}.Release|x64.Build.0 = Release|Any CPU
		{9DB9973D-358A-45D5-8C09-0F68BEF8E5D1}.Release|x86.ActiveCfg = Release|Any CPU
		{9DB9973D-358A-45D5-8C09-0F68BEF8E5D1}.Release|x86.Build.0 = Release|Any CPU
		{A291190E-2FB5-440A-AE71-24125E7EB14F}.Debug|Any CPU.ActiveCfg = Debug|Any CPU
		{A291190E-2FB5-440A-AE71-24125E7EB14F}.Debug|Any CPU.Build.0 = Debug|Any CPU
		{A291190E-2FB5-440A-AE71-24125E7EB14F}.Debug|x64.ActiveCfg = Debug|Any CPU
		{A291190E-2FB5-440A-AE71-24125E7EB14F}.Debug|x64.Build.0 = Debug|Any CPU
		{A291190E-2FB5-440A-AE71-24125E7EB14F}.Debug|x86.ActiveCfg = Debug|Any CPU
		{A291190E-2FB5-440A-AE71-24125E7EB14F}.Debug|x86.Build.0 = Debug|Any CPU
		{A291190E-2FB5-440A-AE71-24125E7EB14F}.Release|Any CPU.ActiveCfg = Release|Any CPU
		{A291190E-2FB5-440A-AE71-24125E7EB14F}.Release|Any CPU.Build.0 = Release|Any CPU
		{A291190E-2FB5-440A-AE71-24125E7EB14F}.Release|x64.ActiveCfg = Release|Any CPU
		{A291190E-2FB5-440A-AE71-24125E7EB14F}.Release|x64.Build.0 = Release|Any CPU
		{A291190E-2FB5-440A-AE71-24125E7EB14F}.Release|x86.ActiveCfg = Release|Any CPU
		{A291190E-2FB5-440A-AE71-24125E7EB14F}.Release|x86.Build.0 = Release|Any CPU
		{B3934D77-B03C-40F2-88B1-ADA75160075E}.Debug|Any CPU.ActiveCfg = Debug|Any CPU
		{B3934D77-B03C-40F2-88B1-ADA75160075E}.Debug|Any CPU.Build.0 = Debug|Any CPU
		{B3934D77-B03C-40F2-88B1-ADA75160075E}.Debug|x64.ActiveCfg = Debug|Any CPU
		{B3934D77-B03C-40F2-88B1-ADA75160075E}.Debug|x64.Build.0 = Debug|Any CPU
		{B3934D77-B03C-40F2-88B1-ADA75160075E}.Debug|x86.ActiveCfg = Debug|Any CPU
		{B3934D77-B03C-40F2-88B1-ADA75160075E}.Debug|x86.Build.0 = Debug|Any CPU
		{B3934D77-B03C-40F2-88B1-ADA75160075E}.Release|Any CPU.ActiveCfg = Release|Any CPU
		{B3934D77-B03C-40F2-88B1-ADA75160075E}.Release|Any CPU.Build.0 = Release|Any CPU
		{B3934D77-B03C-40F2-88B1-ADA75160075E}.Release|x64.ActiveCfg = Release|Any CPU
		{B3934D77-B03C-40F2-88B1-ADA75160075E}.Release|x64.Build.0 = Release|Any CPU
		{B3934D77-B03C-40F2-88B1-ADA75160075E}.Release|x86.ActiveCfg = Release|Any CPU
		{B3934D77-B03C-40F2-88B1-ADA75160075E}.Release|x86.Build.0 = Release|Any CPU
		{06C67583-C152-4674-910C-C634B6516C41}.Debug|Any CPU.ActiveCfg = Debug|Any CPU
		{06C67583-C152-4674-910C-C634B6516C41}.Debug|Any CPU.Build.0 = Debug|Any CPU
		{06C67583-C152-4674-910C-C634B6516C41}.Debug|x64.ActiveCfg = Debug|Any CPU
		{06C67583-C152-4674-910C-C634B6516C41}.Debug|x64.Build.0 = Debug|Any CPU
		{06C67583-C152-4674-910C-C634B6516C41}.Debug|x86.ActiveCfg = Debug|Any CPU
		{06C67583-C152-4674-910C-C634B6516C41}.Debug|x86.Build.0 = Debug|Any CPU
		{06C67583-C152-4674-910C-C634B6516C41}.Release|Any CPU.ActiveCfg = Release|Any CPU
		{06C67583-C152-4674-910C-C634B6516C41}.Release|Any CPU.Build.0 = Release|Any CPU
		{06C67583-C152-4674-910C-C634B6516C41}.Release|x64.ActiveCfg = Release|Any CPU
		{06C67583-C152-4674-910C-C634B6516C41}.Release|x64.Build.0 = Release|Any CPU
		{06C67583-C152-4674-910C-C634B6516C41}.Release|x86.ActiveCfg = Release|Any CPU
		{06C67583-C152-4674-910C-C634B6516C41}.Release|x86.Build.0 = Release|Any CPU
	EndGlobalSection
	GlobalSection(SolutionProperties) = preSolution
		HideSolutionNode = FALSE
	EndGlobalSection
EndGlobal
